
Microsoft Visual Studio Solution File, Format Version 12.00
# Visual Studio 2012
Project("{FAE04EC0-301F-11D3-BF4B-00C04F79EFBC}") = "TD1", "TD1\TD1.csproj", "{E3B68207-EFF9-4EA5-8624-9FC69CC7E3C0}"
EndProject
Project("{FAE04EC0-301F-11D3-BF4B-00C04F79EFBC}") = "Library", "Library\Library.csproj", "{65DD101A-1364-4D4C-994B-D630E21A75EF}"
EndProject
Global
	GlobalSection(SolutionConfigurationPlatforms) = preSolution
		Debug|Any CPU = Debug|Any CPU
		Release|Any CPU = Release|Any CPU
	EndGlobalSection
	GlobalSection(ProjectConfigurationPlatforms) = postSolution
		{E3B68207-EFF9-4EA5-8624-9FC69CC7E3C0}.Debug|Any CPU.ActiveCfg = Debug|Any CPU
		{E3B68207-EFF9-4EA5-8624-9FC69CC7E3C0}.Debug|Any CPU.Build.0 = Debug|Any CPU
		{E3B68207-EFF9-4EA5-8624-9FC69CC7E3C0}.Release|Any CPU.ActiveCfg = Release|Any CPU
		{E3B68207-EFF9-4EA5-8624-9FC69CC7E3C0}.Release|Any CPU.Build.0 = Release|Any CPU
		{65DD101A-1364-4D4C-994B-D630E21A75EF}.Debug|Any CPU.ActiveCfg = Debug|Any CPU
		{65DD101A-1364-4D4C-994B-D630E21A75EF}.Debug|Any CPU.Build.0 = Debug|Any CPU
		{65DD101A-1364-4D4C-994B-D630E21A75EF}.Release|Any CPU.ActiveCfg = Release|Any CPU
		{65DD101A-1364-4D4C-994B-D630E21A75EF}.Release|Any CPU.Build.0 = Release|Any CPU
	EndGlobalSection
	GlobalSection(SolutionProperties) = preSolution
		HideSolutionNode = FALSE
	EndGlobalSection
EndGlobal
